// !$*UTF8*$!
{
	/* generated with cargo-xcode 1.7.0 */
	archiveVersion = 1;
	classes = {
	};
	objectVersion = 53;
	objects = {

/* Begin PBXBuildFile section */
		CA005C263550A0ECD9C78AA4 /* Cargo.toml in Sources */ = {isa = PBXBuildFile; fileRef = CAF9FEF27B2E3EF4668187A5 /* Cargo.toml */; settings = {COMPILER_FLAGS = "--lib"; }; };
		CA015C26355012A7F427CFEB /* Cargo.toml in Sources */ = {isa = PBXBuildFile; fileRef = CAF9FEF27B2E3EF4668187A5 /* Cargo.toml */; settings = {COMPILER_FLAGS = "--lib"; }; };
		CA025C26355020F189EC80A8 /* Cargo.toml in Sources */ = {isa = PBXBuildFile; fileRef = CAF9FEF27B2E3EF4668187A5 /* Cargo.toml */; settings = {COMPILER_FLAGS = "--bin 'uniffi-bindgen'"; }; };

/* End PBXBuildFile section */

/* Begin PBXBuildRule section */
		CAF4FEF27B2EAC6C1400ACA8 /* PBXBuildRule */ = {
			isa = PBXBuildRule;
			compilerSpec = com.apple.compilers.proxy.script;
			dependencyFile = "$(DERIVED_FILE_DIR)/$(CARGO_XCODE_TARGET_ARCH)-$(EXECUTABLE_NAME).d";
			filePatterns = "*/Cargo.toml";
			fileType = pattern.proxy;
			inputFiles = (
			);
			isEditable = 0;
			name = "Cargo project build";
			outputFiles = (
				"$(OBJECT_FILE_DIR)/$(CARGO_XCODE_TARGET_ARCH)-$(EXECUTABLE_NAME)",
			);
			script = "# generated with cargo-xcode 1.7.0\nset -xeu;\nexport PATH=\"$HOME/.cargo/bin:$PATH:/usr/local/bin:/opt/homebrew/bin\";\n\nif [ \"${IS_MACCATALYST-NO}\" = YES ]; then\n CARGO_XCODE_TARGET_OS=ios-macabi\nfi\nCARGO_XCODE_TARGET_TRIPLE=\"${CARGO_XCODE_TARGET_ARCH}-apple-${CARGO_XCODE_TARGET_OS}\"\nif [ \"$CARGO_XCODE_TARGET_OS\" != darwin ]; then\n export PATH=\"${PATH/\\/Contents\\/Developer\\/Toolchains\\/XcodeDefault.xctoolchain\\/usr\\/bin:/xcode-provided-ld-cant-link-lSystem-for-the-host-build-script:}\"\nfi\nif [ \"$CARGO_XCODE_BUILD_PROFILE\" == release ]; then\n OTHER_INPUT_FILE_FLAGS=\"${OTHER_INPUT_FILE_FLAGS} --release\"\nfi\n\nif [ \"$ACTION\" = clean ]; then\n cargo clean --verbose --manifest-path=\"$SCRIPT_INPUT_FILE\" ${OTHER_INPUT_FILE_FLAGS} --target=\"${CARGO_XCODE_TARGET_TRIPLE}\";\n rm -f \"$SCRIPT_OUTPUT_FILE_0\"\n exit 0\nfi\ncargo build --verbose --manifest-path=\"$SCRIPT_INPUT_FILE\" --features=\"${CARGO_XCODE_FEATURES:-}\" ${OTHER_INPUT_FILE_FLAGS} --target=\"${CARGO_XCODE_TARGET_TRIPLE}\" || {\n if command -v rustup &> /dev/null; then\n  if ! rustup target list --installed | grep -Eq \"${CARGO_XCODE_TARGET_TRIPLE}\"; then\n   echo >&2 \"warning: this build requires rustup toolchain for $CARGO_XCODE_TARGET_TRIPLE, but it isn't installed (will try rustup next)\"\n   rustup target add \"${CARGO_XCODE_TARGET_TRIPLE}\" || echo >&2 \"warning: can't install $CARGO_XCODE_TARGET_TRIPLE\"\n  fi\n fi\n echo >&2 \"error: cargo build failed\"; exit 1; }\n\n# it's too hard to explain Cargo's actual exe path to Xcode build graph, so hardlink to a known-good path instead\nBUILT_SRC=\"${CARGO_TARGET_DIR}/${CARGO_XCODE_TARGET_TRIPLE}/${CARGO_XCODE_BUILD_PROFILE}/${CARGO_XCODE_CARGO_FILE_NAME}\"\nln -f -- \"$BUILT_SRC\" \"$SCRIPT_OUTPUT_FILE_0\" || { echo >&2 \"can't hardlink $BUILT_SRC to $SCRIPT_OUTPUT_FILE_0\"; exit 1; }\n\n# cargo generates a dep file, but for its own path, so append our rename to it\nDEP_FILE_SRC=\"${CARGO_TARGET_DIR}/${CARGO_XCODE_TARGET_TRIPLE}/${CARGO_XCODE_BUILD_PROFILE}/${CARGO_XCODE_CARGO_DEP_FILE_NAME}\"\nif [ -f \"$DEP_FILE_SRC\" ]; then\n DEP_FILE_DST=\"${DERIVED_FILE_DIR}/${CARGO_XCODE_TARGET_ARCH}-${EXECUTABLE_NAME}.d\"\n cp -f \"$DEP_FILE_SRC\" \"$DEP_FILE_DST\" || { echo >&2 \"can't copy $DEP_FILE_SRC to $DEP_FILE_DST\"; exit 1; }\n\n echo >> \"$DEP_FILE_DST\" \"${SCRIPT_OUTPUT_FILE_0/ /\\\\ /}: ${BUILT_SRC/ /\\\\ /}\"\nfi\n\n# lipo script needs to know all the platform-specific files that have been built\n# archs is in the file name, so that paths don't stay around after archs change\n# must match input for LipoScript\nFILE_LIST=\"${DERIVED_FILE_DIR}/${ARCHS}-${EXECUTABLE_NAME}.xcfilelist\"\ntouch \"$FILE_LIST\"\nif ! grep -Eq \"$SCRIPT_OUTPUT_FILE_0\" \"$FILE_LIST\" ; then\n echo >> \"$FILE_LIST\" \"$SCRIPT_OUTPUT_FILE_0\"\nfi\n\necho \"success: $ACTION of $SCRIPT_OUTPUT_FILE_0 for $CARGO_XCODE_TARGET_TRIPLE\"\n";
		};
/* End PBXBuildRule section */

/* Begin PBXFileReference section */
		CA0048903B90A794234CEF02 /* libvercre_wallet_static.a */ = {isa = PBXFileReference; explicitFileType = archive.ar; includeInIndex = 0; path = libvercre_wallet_static.a; sourceTree = BUILT_PRODUCTS_DIR; };
		CA011621871375DBFE57B7F1 /* vercre_wallet.dylib */ = {isa = PBXFileReference; explicitFileType = "compiled.mach-o.dylib"; includeInIndex = 0; path = vercre_wallet.dylib; sourceTree = BUILT_PRODUCTS_DIR; };
		CA02AB5B13AB8109328FB0D5 /* uniffi-bindgen */ = {isa = PBXFileReference; explicitFileType = "compiled.mach-o.executable"; includeInIndex = 0; path = "uniffi-bindgen"; sourceTree = BUILT_PRODUCTS_DIR; };
		CAF9FEF27B2E3EF4668187A5 /* Cargo.toml */ = {isa = PBXFileReference; fileEncoding = 4; lastKnownFileType = text; path = Cargo.toml; sourceTree = "<group>"; };

/* End PBXFileReference section */

/* Begin PBXGroup section */
		CAF0FEF27B2ED65BC3C892A8 = {
			isa = PBXGroup;
			children = (
				CAF9FEF27B2E3EF4668187A5 /* Cargo.toml */,
				CAF1FEF27B2E22869D176AE5 /* Products */,
				CAF2FEF27B2E98AF0B5890DB /* Frameworks */,
			);
			sourceTree = "<group>";
		};
		CAF1FEF27B2E22869D176AE5 /* Products */ = {
			isa = PBXGroup;
			children = (
				CA0048903B90A794234CEF02 /* libvercre_wallet_static.a */,
				CA011621871375DBFE57B7F1 /* vercre_wallet.dylib */,
				CA02AB5B13AB8109328FB0D5 /* uniffi-bindgen */,
			);
			name = Products;
			sourceTree = "<group>";
		};
		CAF2FEF27B2E98AF0B5890DB /* Frameworks */ = {
			isa = PBXGroup;
			children = (
			);
			name = Frameworks;
			sourceTree = "<group>";
		};
/* End PBXGroup section */

/* Begin PBXNativeTarget section */
		CA0048903B90A0ECD9C78AA4 /* vercre_wallet-staticlib */ = {
			isa = PBXNativeTarget;
			buildConfigurationList = CA0073E198F9A0ECD9C78AA4 /* Build configuration list for PBXNativeTarget "vercre_wallet-staticlib" */;
			buildPhases = (
				CA0046DA4D1BA0ECD9C78AA4 /* Sources */,
				CAF5FEF27B2EAF6EBB7F357C /* Universal Binary lipo */,
			);
			buildRules = (
				CAF4FEF27B2EAC6C1400ACA8 /* PBXBuildRule */,
			);
			dependencies = (
			);
			name = "vercre_wallet-staticlib";
			productName = libvercre_wallet_static.a;
			productReference = CA0048903B90A794234CEF02 /* libvercre_wallet_static.a */;
			productType = "com.apple.product-type.library.static";
		};
		CA011621871312A7F427CFEB /* vercre_wallet-cdylib */ = {
			isa = PBXNativeTarget;
			buildConfigurationList = CA0173E198F912A7F427CFEB /* Build configuration list for PBXNativeTarget "vercre_wallet-cdylib" */;
			buildPhases = (
				CA0146DA4D1B12A7F427CFEB /* Sources */,
				CAF5FEF27B2EAF6EBB7F357C /* Universal Binary lipo */,
			);
			buildRules = (
				CAF4FEF27B2EAC6C1400ACA8 /* PBXBuildRule */,
			);
			dependencies = (
			);
			name = "vercre_wallet-cdylib";
			productName = vercre_wallet.dylib;
			productReference = CA011621871375DBFE57B7F1 /* vercre_wallet.dylib */;
			productType = "com.apple.product-type.library.dynamic";
		};
		CA02AB5B13AB20F189EC80A8 /* uniffi-bindgen-bin */ = {
			isa = PBXNativeTarget;
			buildConfigurationList = CA0273E198F920F189EC80A8 /* Build configuration list for PBXNativeTarget "uniffi-bindgen-bin" */;
			buildPhases = (
				CA0246DA4D1B20F189EC80A8 /* Sources */,
				CAF5FEF27B2EAF6EBB7F357C /* Universal Binary lipo */,
			);
			buildRules = (
				CAF4FEF27B2EAC6C1400ACA8 /* PBXBuildRule */,
			);
			dependencies = (
			);
			name = "uniffi-bindgen-bin";
			productName = "uniffi-bindgen";
			productReference = CA02AB5B13AB8109328FB0D5 /* uniffi-bindgen */;
			productType = "com.apple.product-type.tool";
		};
/* End PBXNativeTarget section */

/* Begin PBXProject section */
		CAF3FEF27B2EE04653AD465F /* Project object */ = {
			isa = PBXProject;
			attributes = {
				LastUpgradeCheck = 1500;
				TargetAttributes = {
					CA0048903B90A0ECD9C78AA4 = {
						CreatedOnToolsVersion = 9.2;
						ProvisioningStyle = Automatic;
					};
					CA011621871312A7F427CFEB = {
						CreatedOnToolsVersion = 9.2;
						ProvisioningStyle = Automatic;
					};
					CA02AB5B13AB20F189EC80A8 = {
						CreatedOnToolsVersion = 9.2;
						ProvisioningStyle = Automatic;
					};
				};
			};
			buildConfigurationList = CAF6FEF27B2E80E02D6C7F57 /* Build configuration list for PBXProject "vercre-wallet" */;
			compatibilityVersion = "Xcode 11.4";
			developmentRegion = en;
			hasScannedForEncodings = 0;
			knownRegions = (
				en,
				Base,
			);
			mainGroup = CAF0FEF27B2ED65BC3C892A8;
			productRefGroup = CAF1FEF27B2E22869D176AE5 /* Products */;
			projectDirPath = "";
			projectRoot = "";
			targets = (
				CA0048903B90A0ECD9C78AA4 /* vercre_wallet-staticlib */,
				CA011621871312A7F427CFEB /* vercre_wallet-cdylib */,
				CA02AB5B13AB20F189EC80A8 /* uniffi-bindgen-bin */,
			);
		};
/* End PBXProject section */

/* Begin PBXShellScriptBuildPhase section */
		CAF5FEF27B2EAF6EBB7F357C /* Universal Binary lipo */ = {
			isa = PBXShellScriptBuildPhase;
			buildActionMask = 2147483647;
			files = (
			);
			inputFileListPaths = (
			);
			inputPaths = (
				"$(DERIVED_FILE_DIR)/$(ARCHS)-$(EXECUTABLE_NAME).xcfilelist",
			);
			name = "Universal Binary lipo";
			outputFileListPaths = (
			);
			outputPaths = (
				"$(TARGET_BUILD_DIR)/$(EXECUTABLE_PATH)",
			);
			runOnlyForDeploymentPostprocessing = 0;
			shellPath = /bin/sh;
			shellScript = "# generated with cargo-xcode 1.7.0\nset -eux;\ntr '\\n' '\\0' < \"$DERIVED_FILE_DIR/$ARCHS-$EXECUTABLE_NAME.xcfilelist\" | xargs -0 lipo -create -output \"$TARGET_BUILD_DIR/$EXECUTABLE_PATH\"\nif [ ${LD_DYLIB_INSTALL_NAME:+1} ]; then\n  install_name_tool -id \"$LD_DYLIB_INSTALL_NAME\" \"$TARGET_BUILD_DIR/$EXECUTABLE_PATH\"\nfi\n";
		};
/* End PBXShellScriptBuildPhase section */

/* Begin PBXSourcesBuildPhase section */
		CA0046DA4D1BA0ECD9C78AA4 /* Sources */ = {
			isa = PBXSourcesBuildPhase;
			buildActionMask = 2147483647;
			files = (
				CA005C263550A0ECD9C78AA4 /* Cargo.toml in Sources */,
			);
			runOnlyForDeploymentPostprocessing = 0;
		};
		CA0146DA4D1B12A7F427CFEB /* Sources */ = {
			isa = PBXSourcesBuildPhase;
			buildActionMask = 2147483647;
			files = (
				CA015C26355012A7F427CFEB /* Cargo.toml in Sources */,
			);
			runOnlyForDeploymentPostprocessing = 0;
		};
		CA0246DA4D1B20F189EC80A8 /* Sources */ = {
			isa = PBXSourcesBuildPhase;
			buildActionMask = 2147483647;
			files = (
				CA025C26355020F189EC80A8 /* Cargo.toml in Sources */,
			);
			runOnlyForDeploymentPostprocessing = 0;
		};

/* End PBXSourcesBuildPhase section */

/* Begin XCBuildConfiguration section */
		CA005DFB939FA0ECD9C78AA4 /* Release */ = {
			isa = XCBuildConfiguration;
			buildSettings = {
				CARGO_XCODE_CARGO_DEP_FILE_NAME = libvercre_wallet.d;
				CARGO_XCODE_CARGO_FILE_NAME = libvercre_wallet.a;
				INSTALL_GROUP = "";
				INSTALL_MODE_FLAG = "";
				INSTALL_OWNER = "";
				SKIP_INSTALL = YES;
				PRODUCT_NAME = vercre_wallet_static;
				SUPPORTED_PLATFORMS = "macosx iphonesimulator iphoneos appletvsimulator appletvos";
				
			};
			name = Release;
		};
		CA005DAF0A12A0ECD9C78AA4 /* Debug */ = {
			isa = XCBuildConfiguration;
			buildSettings = {
				CARGO_XCODE_CARGO_DEP_FILE_NAME = libvercre_wallet.d;
				CARGO_XCODE_CARGO_FILE_NAME = libvercre_wallet.a;
				INSTALL_GROUP = "";
				INSTALL_MODE_FLAG = "";
				INSTALL_OWNER = "";
				SKIP_INSTALL = YES;
				PRODUCT_NAME = vercre_wallet_static;
				SUPPORTED_PLATFORMS = "macosx iphonesimulator iphoneos appletvsimulator appletvos";
				
			};
			name = Debug;
		};
		CA015DFB939F12A7F427CFEB /* Release */ = {
			isa = XCBuildConfiguration;
			buildSettings = {
				CARGO_XCODE_CARGO_DEP_FILE_NAME = libvercre_wallet.d;
				CARGO_XCODE_CARGO_FILE_NAME = libvercre_wallet.dylib;
				
				PRODUCT_NAME = vercre_wallet;
				SUPPORTED_PLATFORMS = macosx;
				DYLIB_COMPATIBILITY_VERSION = 0;
			};
			name = Release;
		};
		CA015DAF0A1212A7F427CFEB /* Debug */ = {
			isa = XCBuildConfiguration;
			buildSettings = {
				CARGO_XCODE_CARGO_DEP_FILE_NAME = libvercre_wallet.d;
				CARGO_XCODE_CARGO_FILE_NAME = libvercre_wallet.dylib;
				
				PRODUCT_NAME = vercre_wallet;
				SUPPORTED_PLATFORMS = macosx;
				DYLIB_COMPATIBILITY_VERSION = 0;
			};
			name = Debug;
		};
		CA025DFB939F20F189EC80A8 /* Release */ = {
			isa = XCBuildConfiguration;
			buildSettings = {
				CARGO_XCODE_CARGO_DEP_FILE_NAME = "uniffi-bindgen.d";
				CARGO_XCODE_CARGO_FILE_NAME = "uniffi-bindgen";
				
				PRODUCT_NAME = "uniffi-bindgen";
				SUPPORTED_PLATFORMS = macosx;
				
			};
			name = Release;
		};
		CA025DAF0A1220F189EC80A8 /* Debug */ = {
			isa = XCBuildConfiguration;
			buildSettings = {
				CARGO_XCODE_CARGO_DEP_FILE_NAME = "uniffi-bindgen.d";
				CARGO_XCODE_CARGO_FILE_NAME = "uniffi-bindgen";
				
				PRODUCT_NAME = "uniffi-bindgen";
				SUPPORTED_PLATFORMS = macosx;
				
			};
			name = Debug;
		};

		CAF7D467B41C3CC16B37690B /* Release */ = {
			isa = XCBuildConfiguration;
			buildSettings = {
				ALWAYS_SEARCH_USER_PATHS = NO;
				CARGO_TARGET_DIR = "$(PROJECT_TEMP_DIR)/cargo_target";
				CARGO_XCODE_BUILD_PROFILE = release;
				CARGO_XCODE_FEATURES = "";
				"CARGO_XCODE_TARGET_ARCH[arch=arm64*]" = aarch64;
				"CARGO_XCODE_TARGET_ARCH[arch=i386]" = i686;
				"CARGO_XCODE_TARGET_ARCH[arch=x86_64*]" = x86_64;
				"CARGO_XCODE_TARGET_OS[sdk=appletvos*]" = tvos;
				"CARGO_XCODE_TARGET_OS[sdk=appletvsimulator*]" = tvos;
				"CARGO_XCODE_TARGET_OS[sdk=iphoneos*]" = ios;
				"CARGO_XCODE_TARGET_OS[sdk=iphonesimulator*]" = "ios-sim";
				"CARGO_XCODE_TARGET_OS[sdk=iphonesimulator*][arch=x86_64*]" = ios;
				"CARGO_XCODE_TARGET_OS[sdk=macosx*]" = darwin;
				CURRENT_PROJECT_VERSION = 0.1;
				MARKETING_VERSION = "0.1.0-alpha.0";
				PRODUCT_NAME = "vercre-wallet";
				RUSTUP_TOOLCHAIN = "";
				SDKROOT = macosx;
				SUPPORTS_MACCATALYST = YES;
			};
			name = Release;
		};
		CAF8D467B41C228BE02872F8 /* Debug */ = {
			isa = XCBuildConfiguration;
			buildSettings = {
				ALWAYS_SEARCH_USER_PATHS = NO;
				CARGO_TARGET_DIR = "$(PROJECT_TEMP_DIR)/cargo_target";
				CARGO_XCODE_BUILD_PROFILE = debug;
				CARGO_XCODE_FEATURES = "";
				"CARGO_XCODE_TARGET_ARCH[arch=arm64*]" = aarch64;
				"CARGO_XCODE_TARGET_ARCH[arch=i386]" = i686;
				"CARGO_XCODE_TARGET_ARCH[arch=x86_64*]" = x86_64;
				"CARGO_XCODE_TARGET_OS[sdk=appletvos*]" = tvos;
				"CARGO_XCODE_TARGET_OS[sdk=appletvsimulator*]" = tvos;
				"CARGO_XCODE_TARGET_OS[sdk=iphoneos*]" = ios;
				"CARGO_XCODE_TARGET_OS[sdk=iphonesimulator*]" = "ios-sim";
				"CARGO_XCODE_TARGET_OS[sdk=iphonesimulator*][arch=x86_64*]" = ios;
				"CARGO_XCODE_TARGET_OS[sdk=macosx*]" = darwin;
				CURRENT_PROJECT_VERSION = 0.1;
				MARKETING_VERSION = "0.1.0-alpha.0";
				ONLY_ACTIVE_ARCH = YES;
				PRODUCT_NAME = "vercre-wallet";
				RUSTUP_TOOLCHAIN = "";
				SDKROOT = macosx;
				SUPPORTS_MACCATALYST = YES;
			};
			name = Debug;
		};
/* End XCBuildConfiguration section */

/* Begin XCConfigurationList section */
		CA0073E198F9A0ECD9C78AA4 /* Build configuration list for PBXNativeTarget "vercre_wallet-staticlib" */ = {
			isa = XCConfigurationList;
			buildConfigurations = (
				CA005DFB939FA0ECD9C78AA4 /* Release */,
				CA005DAF0A12A0ECD9C78AA4 /* Debug */,
			);
			defaultConfigurationIsVisible = 0;
			defaultConfigurationName = Release;
		};
		CA0173E198F912A7F427CFEB /* Build configuration list for PBXNativeTarget "vercre_wallet-cdylib" */ = {
			isa = XCConfigurationList;
			buildConfigurations = (
				CA015DFB939F12A7F427CFEB /* Release */,
				CA015DAF0A1212A7F427CFEB /* Debug */,
			);
			defaultConfigurationIsVisible = 0;
			defaultConfigurationName = Release;
		};
		CA0273E198F920F189EC80A8 /* Build configuration list for PBXNativeTarget "uniffi-bindgen-bin" */ = {
			isa = XCConfigurationList;
			buildConfigurations = (
				CA025DFB939F20F189EC80A8 /* Release */,
				CA025DAF0A1220F189EC80A8 /* Debug */,
			);
			defaultConfigurationIsVisible = 0;
			defaultConfigurationName = Release;
		};

		CAF6FEF27B2E80E02D6C7F57 /* Build configuration list for PBXProject "vercre-wallet" */ = {
			isa = XCConfigurationList;
			buildConfigurations = (
				CAF7D467B41C3CC16B37690B /* Release */,
				CAF8D467B41C228BE02872F8 /* Debug */,
			);
			defaultConfigurationIsVisible = 0;
			defaultConfigurationName = Release;
		};
/* End XCConfigurationList section */
	};
	rootObject = CAF3FEF27B2EE04653AD465F /* Project object */;
}
